
Microsoft Visual Studio Solution File, Format Version 12.00
# Visual Studio Version 16
VisualStudioVersion = 16.0.30804.86
MinimumVisualStudioVersion = 10.0.40219.1
Project("{9A19103F-16F7-4668-BE54-9A1E7A4F7556}") = "StellarGlobeShop.Gateway.Service", "StellarGlobeShop.Gateway.Service\StellarGlobeShop.Gateway.Service.csproj", "{DA21BA30-B892-478A-A585-70AA7BC7B5F0}"
	ProjectSection(ProjectDependencies) = postProject
		{8501460E-8153-4833-81C4-47582C59533A} = {8501460E-8153-4833-81C4-47582C59533A}
		{9A0507C3-354D-4FB7-BCCA-D7A4B4912731} = {9A0507C3-354D-4FB7-BCCA-D7A4B4912731}
	EndProjectSection
EndProject
Project("{9A19103F-16F7-4668-BE54-9A1E7A4F7556}") = "ClassMapper", "TypeConverter\ClassMapper.csproj", "{8501460E-8153-4833-81C4-47582C59533A}"
EndProject
Project("{9A19103F-16F7-4668-BE54-9A1E7A4F7556}") = "RabbitMQLibrary", "RabbitMQLibrary\RabbitMQLibrary.csproj", "{9A0507C3-354D-4FB7-BCCA-D7A4B4912731}"
EndProject
Project("{2150E333-8FDC-42A3-9474-1A3956D46DE8}") = "Services", "Services", "{3122D671-EDA1-460C-A3A1-3050D5E3EF26}"
EndProject
Project("{9A19103F-16F7-4668-BE54-9A1E7A4F7556}") = "MyShop.API.Service", "MyShop.API.Service\MyShop.API.Service.csproj", "{9413FA3D-2BE4-405F-A8A1-05F09AB4B7CB}"
	ProjectSection(ProjectDependencies) = postProject
		{8501460E-8153-4833-81C4-47582C59533A} = {8501460E-8153-4833-81C4-47582C59533A}
		{9A0507C3-354D-4FB7-BCCA-D7A4B4912731} = {9A0507C3-354D-4FB7-BCCA-D7A4B4912731}
	EndProjectSection
EndProject
Project("{2150E333-8FDC-42A3-9474-1A3956D46DE8}") = "Consumers", "Consumers", "{7CF569CF-BD0B-4F7E-AC4A-9C0E1240FE75}"
EndProject
Project("{9A19103F-16F7-4668-BE54-9A1E7A4F7556}") = "BotCustomer", "BotCustomer\BotCustomer.csproj", "{B87B1336-D44F-4AD1-AF0A-EBDA9ADE90DA}"
EndProject
Project("{9A19103F-16F7-4668-BE54-9A1E7A4F7556}") = "BotShopNetwork", "BotShopNetwork\BotShopNetwork.csproj", "{1B6077AC-3CEB-42AA-A7A9-FDA0903DF9C7}"
EndProject
Project("{2150E333-8FDC-42A3-9474-1A3956D46DE8}") = "GraphQLGateway", "GraphQLGateway", "{AAB97920-A31B-41F2-8BF0-FDB6F6ADB24F}"
EndProject
Project("{2150E333-8FDC-42A3-9474-1A3956D46DE8}") = "HelperClassLibraries", "HelperClassLibraries", "{4ED77918-4A08-4E71-B52A-A6A20EA89301}"
EndProject
Project("{2150E333-8FDC-42A3-9474-1A3956D46DE8}") = "MyShop", "MyShop", "{0D25B332-67E1-410B-A35A-669EBE42E42F}"
EndProject
Project("{9A19103F-16F7-4668-BE54-9A1E7A4F7556}") = "MyShop.Application", "MyShop.Application\MyShop.Application.csproj", "{F61331A3-F702-4BD9-97F1-22E080845E3E}"
EndProject
Project("{9A19103F-16F7-4668-BE54-9A1E7A4F7556}") = "MyShop.Domain", "MyShop.Domain\MyShop.Domain.csproj", "{7EBDCA7E-854A-412B-9EE8-2207DAF2BDBD}"
EndProject
Project("{9A19103F-16F7-4668-BE54-9A1E7A4F7556}") = "MyShop.Infrastructure", "MyShop.Infrastructure\MyShop.Infrastructure.csproj", "{E9DF41FC-3C8B-493C-A192-77393BEC3A9D}"
EndProject
Project("{9A19103F-16F7-4668-BE54-9A1E7A4F7556}") = "MyShop.Persistance", "MyShop.Persistance\MyShop.Persistance.csproj", "{01E39B2E-E225-4DB0-A119-7C3130E1615A}"
EndProject
Project("{9A19103F-16F7-4668-BE54-9A1E7A4F7556}") = "MyShop.Common", "MyShop.Common\MyShop.Common.csproj", "{511E0423-67CF-4B16-926E-CD3F45246C54}"
EndProject
Global
	GlobalSection(SolutionConfigurationPlatforms) = preSolution
		Debug|Any CPU = Debug|Any CPU
		Release|Any CPU = Release|Any CPU
	EndGlobalSection
	GlobalSection(ProjectConfigurationPlatforms) = postSolution
		{DA21BA30-B892-478A-A585-70AA7BC7B5F0}.Debug|Any CPU.ActiveCfg = Debug|Any CPU
		{DA21BA30-B892-478A-A585-70AA7BC7B5F0}.Debug|Any CPU.Build.0 = Debug|Any CPU
		{DA21BA30-B892-478A-A585-70AA7BC7B5F0}.Release|Any CPU.ActiveCfg = Release|Any CPU
		{DA21BA30-B892-478A-A585-70AA7BC7B5F0}.Release|Any CPU.Build.0 = Release|Any CPU
		{8501460E-8153-4833-81C4-47582C59533A}.Debug|Any CPU.ActiveCfg = Debug|Any CPU
		{8501460E-8153-4833-81C4-47582C59533A}.Debug|Any CPU.Build.0 = Debug|Any CPU
		{8501460E-8153-4833-81C4-47582C59533A}.Release|Any CPU.ActiveCfg = Release|Any CPU
		{8501460E-8153-4833-81C4-47582C59533A}.Release|Any CPU.Build.0 = Release|Any CPU
		{9A0507C3-354D-4FB7-BCCA-D7A4B4912731}.Debug|Any CPU.ActiveCfg = Debug|Any CPU
		{9A0507C3-354D-4FB7-BCCA-D7A4B4912731}.Debug|Any CPU.Build.0 = Debug|Any CPU
		{9A0507C3-354D-4FB7-BCCA-D7A4B4912731}.Release|Any CPU.ActiveCfg = Release|Any CPU
		{9A0507C3-354D-4FB7-BCCA-D7A4B4912731}.Release|Any CPU.Build.0 = Release|Any CPU
		{9413FA3D-2BE4-405F-A8A1-05F09AB4B7CB}.Debug|Any CPU.ActiveCfg = Debug|Any CPU
		{9413FA3D-2BE4-405F-A8A1-05F09AB4B7CB}.Debug|Any CPU.Build.0 = Debug|Any CPU
		{9413FA3D-2BE4-405F-A8A1-05F09AB4B7CB}.Release|Any CPU.ActiveCfg = Release|Any CPU
		{9413FA3D-2BE4-405F-A8A1-05F09AB4B7CB}.Release|Any CPU.Build.0 = Release|Any CPU
		{B87B1336-D44F-4AD1-AF0A-EBDA9ADE90DA}.Debug|Any CPU.ActiveCfg = Debug|Any CPU
		{B87B1336-D44F-4AD1-AF0A-EBDA9ADE90DA}.Debug|Any CPU.Build.0 = Debug|Any CPU
		{B87B1336-D44F-4AD1-AF0A-EBDA9ADE90DA}.Release|Any CPU.ActiveCfg = Release|Any CPU
		{B87B1336-D44F-4AD1-AF0A-EBDA9ADE90DA}.Release|Any CPU.Build.0 = Release|Any CPU
		{1B6077AC-3CEB-42AA-A7A9-FDA0903DF9C7}.Debug|Any CPU.ActiveCfg = Debug|Any CPU
		{1B6077AC-3CEB-42AA-A7A9-FDA0903DF9C7}.Debug|Any CPU.Build.0 = Debug|Any CPU
		{1B6077AC-3CEB-42AA-A7A9-FDA0903DF9C7}.Release|Any CPU.ActiveCfg = Release|Any CPU
		{1B6077AC-3CEB-42AA-A7A9-FDA0903DF9C7}.Release|Any CPU.Build.0 = Release|Any CPU
		{F61331A3-F702-4BD9-97F1-22E080845E3E}.Debug|Any CPU.ActiveCfg = Debug|Any CPU
		{F61331A3-F702-4BD9-97F1-22E080845E3E}.Debug|Any CPU.Build.0 = Debug|Any CPU
		{F61331A3-F702-4BD9-97F1-22E080845E3E}.Release|Any CPU.ActiveCfg = Release|Any CPU
		{F61331A3-F702-4BD9-97F1-22E080845E3E}.Release|Any CPU.Build.0 = Release|Any CPU
		{7EBDCA7E-854A-412B-9EE8-2207DAF2BDBD}.Debug|Any CPU.ActiveCfg = Debug|Any CPU
		{7EBDCA7E-854A-412B-9EE8-2207DAF2BDBD}.Debug|Any CPU.Build.0 = Debug|Any CPU
		{7EBDCA7E-854A-412B-9EE8-2207DAF2BDBD}.Release|Any CPU.ActiveCfg = Release|Any CPU
		{7EBDCA7E-854A-412B-9EE8-2207DAF2BDBD}.Release|Any CPU.Build.0 = Release|Any CPU
		{E9DF41FC-3C8B-493C-A192-77393BEC3A9D}.Debug|Any CPU.ActiveCfg = Debug|Any CPU
		{E9DF41FC-3C8B-493C-A192-77393BEC3A9D}.Debug|Any CPU.Build.0 = Debug|Any CPU
		{E9DF41FC-3C8B-493C-A192-77393BEC3A9D}.Release|Any CPU.ActiveCfg = Release|Any CPU
		{E9DF41FC-3C8B-493C-A192-77393BEC3A9D}.Release|Any CPU.Build.0 = Release|Any CPU
		{01E39B2E-E225-4DB0-A119-7C3130E1615A}.Debug|Any CPU.ActiveCfg = Debug|Any CPU
		{01E39B2E-E225-4DB0-A119-7C3130E1615A}.Debug|Any CPU.Build.0 = Debug|Any CPU
		{01E39B2E-E225-4DB0-A119-7C3130E1615A}.Release|Any CPU.ActiveCfg = Release|Any CPU
		{01E39B2E-E225-4DB0-A119-7C3130E1615A}.Release|Any CPU.Build.0 = Release|Any CPU
		{511E0423-67CF-4B16-926E-CD3F45246C54}.Debug|Any CPU.ActiveCfg = Debug|Any CPU
		{511E0423-67CF-4B16-926E-CD3F45246C54}.Debug|Any CPU.Build.0 = Debug|Any CPU
		{511E0423-67CF-4B16-926E-CD3F45246C54}.Release|Any CPU.ActiveCfg = Release|Any CPU
		{511E0423-67CF-4B16-926E-CD3F45246C54}.Release|Any CPU.Build.0 = Release|Any CPU
	EndGlobalSection
	GlobalSection(SolutionProperties) = preSolution
		HideSolutionNode = FALSE
	EndGlobalSection
	GlobalSection(NestedProjects) = preSolution
		{DA21BA30-B892-478A-A585-70AA7BC7B5F0} = {AAB97920-A31B-41F2-8BF0-FDB6F6ADB24F}
		{8501460E-8153-4833-81C4-47582C59533A} = {4ED77918-4A08-4E71-B52A-A6A20EA89301}
		{9A0507C3-354D-4FB7-BCCA-D7A4B4912731} = {4ED77918-4A08-4E71-B52A-A6A20EA89301}
		{9413FA3D-2BE4-405F-A8A1-05F09AB4B7CB} = {0D25B332-67E1-410B-A35A-669EBE42E42F}
		{B87B1336-D44F-4AD1-AF0A-EBDA9ADE90DA} = {7CF569CF-BD0B-4F7E-AC4A-9C0E1240FE75}
		{1B6077AC-3CEB-42AA-A7A9-FDA0903DF9C7} = {7CF569CF-BD0B-4F7E-AC4A-9C0E1240FE75}
		{0D25B332-67E1-410B-A35A-669EBE42E42F} = {3122D671-EDA1-460C-A3A1-3050D5E3EF26}
		{F61331A3-F702-4BD9-97F1-22E080845E3E} = {0D25B332-67E1-410B-A35A-669EBE42E42F}
		{7EBDCA7E-854A-412B-9EE8-2207DAF2BDBD} = {0D25B332-67E1-410B-A35A-669EBE42E42F}
		{E9DF41FC-3C8B-493C-A192-77393BEC3A9D} = {0D25B332-67E1-410B-A35A-669EBE42E42F}
		{01E39B2E-E225-4DB0-A119-7C3130E1615A} = {0D25B332-67E1-410B-A35A-669EBE42E42F}
		{511E0423-67CF-4B16-926E-CD3F45246C54} = {0D25B332-67E1-410B-A35A-669EBE42E42F}
	EndGlobalSection
	GlobalSection(ExtensibilityGlobals) = postSolution
		SolutionGuid = {C08502D4-E9DB-41E3-ACB2-FDEA3CC9C139}
	EndGlobalSection
EndGlobal
